
Microsoft Visual Studio Solution File, Format Version 12.00
# Visual Studio Version 16
VisualStudioVersion = 16.0.29509.3
MinimumVisualStudioVersion = 10.0.40219.1
Project("{9A19103F-16F7-4668-BE54-9A1E7A4F7556}") = "MTSDiscount.Core", "MTSDiscount.Core\MTSDiscount.Core.csproj", "{B3E967C1-D13E-4877-B79C-E9010D7D81C6}"
EndProject
Project("{9A19103F-16F7-4668-BE54-9A1E7A4F7556}") = "MTSDiscount.Web", "MTSDiscount.Web\MTSDiscount.Web.csproj", "{71C3E342-372E-45BE-B1A9-D7CB26C664F2}"
EndProject
Project("{9A19103F-16F7-4668-BE54-9A1E7A4F7556}") = "MTSDiscount.Tests", "MTSDiscount.Tests\MTSDiscount.Tests.csproj", "{D25D508C-75B9-4AE1-84DB-8554045CB329}"
EndProject
Global
	GlobalSection(SolutionConfigurationPlatforms) = preSolution
		Debug|Any CPU = Debug|Any CPU
		Release|Any CPU = Release|Any CPU
	EndGlobalSection
	GlobalSection(ProjectConfigurationPlatforms) = postSolution
		{B3E967C1-D13E-4877-B79C-E9010D7D81C6}.Debug|Any CPU.ActiveCfg = Debug|Any CPU
		{B3E967C1-D13E-4877-B79C-E9010D7D81C6}.Debug|Any CPU.Build.0 = Debug|Any CPU
		{B3E967C1-D13E-4877-B79C-E9010D7D81C6}.Release|Any CPU.ActiveCfg = Release|Any CPU
		{B3E967C1-D13E-4877-B79C-E9010D7D81C6}.Release|Any CPU.Build.0 = Release|Any CPU
		{71C3E342-372E-45BE-B1A9-D7CB26C664F2}.Debug|Any CPU.ActiveCfg = Debug|Any CPU
		{71C3E342-372E-45BE-B1A9-D7CB26C664F2}.Debug|Any CPU.Build.0 = Debug|Any CPU
		{71C3E342-372E-45BE-B1A9-D7CB26C664F2}.Release|Any CPU.ActiveCfg = Release|Any CPU
		{71C3E342-372E-45BE-B1A9-D7CB26C664F2}.Release|Any CPU.Build.0 = Release|Any CPU
		{D25D508C-75B9-4AE1-84DB-8554045CB329}.Debug|Any CPU.ActiveCfg = Debug|Any CPU
		{D25D508C-75B9-4AE1-84DB-8554045CB329}.Debug|Any CPU.Build.0 = Debug|Any CPU
		{D25D508C-75B9-4AE1-84DB-8554045CB329}.Release|Any CPU.ActiveCfg = Release|Any CPU
		{D25D508C-75B9-4AE1-84DB-8554045CB329}.Release|Any CPU.Build.0 = Release|Any CPU
	EndGlobalSection
	GlobalSection(SolutionProperties) = preSolution
		HideSolutionNode = FALSE
	EndGlobalSection
	GlobalSection(ExtensibilityGlobals) = postSolution
		SolutionGuid = {576C5CD8-2DAA-4A49-9EDB-781119BD3008}
	EndGlobalSection
EndGlobal
